{
    "_meta": {
        "hash": {
            "sha256": "8a764bb5ec57702fbe81edcc7f6b1cd0127ff0a31828a167fd7051770ea68acd"
        },
        "pipfile-spec": 6,
        "requires": {
            "python_version": "3.7"
        },
        "sources": [
            {
                "name": "pypi",
                "url": "https://pypi.org/simple",
                "verify_ssl": true
            }
        ]
    },
    "default": {
        "certifi": {
            "hashes": [
                "sha256:2bbf76fd432960138b3ef6dda3dde0544f27cbf8546c458e60baf371917ba9ee",
                "sha256:50b1e4f8446b06f41be7dd6338db18e0990601dce795c2b1686458aa7e8fa7d8"
            ],
            "version": "==2021.5.30"
        },
        "chardet": {
            "hashes": [
                "sha256:0d6f53a15db4120f2b08c94f11e7d93d2c911ee118b6b30a04ec3ee8310179fa",
                "sha256:f864054d66fd9118f2e67044ac8981a54775ec5b67aed0441892edb553d21da5"
            ],
            "version": "==4.0.0"
        },
        "idna": {
            "hashes": [
                "sha256:b307872f855b18632ce0c21c5e45be78c0ea7ae4c15c828c20788b26921eb3f6",
                "sha256:b97d804b1e9b523befed77c48dacec60e6dcb0b5391d57af6a65a312a90648c0"
            ],
            "version": "==2.10"
        },
        "numpy": {
            "hashes": [
                "sha256:1676b0a292dd3c99e49305a16d7a9f42a4ab60ec522eac0d3dd20cdf362ac010",
                "sha256:16f221035e8bd19b9dc9a57159e38d2dd060b48e93e1d843c49cb370b0f415fd",
                "sha256:43909c8bb289c382170e0282158a38cf306a8ad2ff6dfadc447e90f9961bef43",
                "sha256:4e465afc3b96dbc80cf4a5273e5e2b1e3451286361b4af70ce1adb2984d392f9",
                "sha256:55b745fca0a5ab738647d0e4db099bd0a23279c32b31a783ad2ccea729e632df",
                "sha256:5d050e1e4bc9ddb8656d7b4f414557720ddcca23a5b88dd7cff65e847864c400",
                "sha256:637d827248f447e63585ca3f4a7d2dfaa882e094df6cfa177cc9cf9cd6cdf6d2",
                "sha256:6690080810f77485667bfbff4f69d717c3be25e5b11bb2073e76bb3f578d99b4",
                "sha256:66fbc6fed94a13b9801fb70b96ff30605ab0a123e775a5e7a26938b717c5d71a",
                "sha256:67d44acb72c31a97a3d5d33d103ab06d8ac20770e1c5ad81bdb3f0c086a56cf6",
                "sha256:6ca2b85a5997dabc38301a22ee43c82adcb53ff660b89ee88dded6b33687e1d8",
                "sha256:6e51534e78d14b4a009a062641f465cfaba4fdcb046c3ac0b1f61dd97c861b1b",
                "sha256:70eb5808127284c4e5c9e836208e09d685a7978b6a216db85960b1a112eeace8",
                "sha256:830b044f4e64a76ba71448fce6e604c0fc47a0e54d8f6467be23749ac2cbd2fb",
                "sha256:8b7bb4b9280da3b2856cb1fc425932f46fba609819ee1c62256f61799e6a51d2",
                "sha256:a9c65473ebc342715cb2d7926ff1e202c26376c0dcaaee85a1fd4b8d8c1d3b2f",
                "sha256:c1c09247ccea742525bdb5f4b5ceeacb34f95731647fe55774aa36557dbb5fa4",
                "sha256:c5bf0e132acf7557fc9bb8ded8b53bbbbea8892f3c9a1738205878ca9434206a",
                "sha256:db250fd3e90117e0312b611574cd1b3f78bec046783195075cbd7ba9c3d73f16",
                "sha256:e515c9a93aebe27166ec9593411c58494fa98e5fcc219e47260d9ab8a1cc7f9f",
                "sha256:e55185e51b18d788e49fe8305fd73ef4470596b33fc2c1ceb304566b99c71a69",
                "sha256:ea9cff01e75a956dbee133fa8e5b68f2f92175233de2f88de3a682dd94deda65",
                "sha256:f1452578d0516283c87608a5a5548b0cdde15b99650efdfd85182102ef7a7c17",
                "sha256:f39a995e47cb8649673cfa0579fbdd1cdd33ea497d1728a6cb194d6252268e48"
            ],
            "version": "==1.20.3"
        },
        "opencv-python-headless": {
            "hashes": [
                "sha256:06a96ec4866aa40c68c255042ea0ab8a96c07f2eb54f5b0dc6b8ac08b00c1b7e",
                "sha256:1641d82b94ce496e6f3df8f2a337eae94cd608e0e61dbb4b697577438d88c258",
                "sha256:1df0adfc1b893615ab8487cd207aae356936b0ba1823520e2292c928853c2930",
                "sha256:20c450943acebd9aa04566fdef4a658b94eec80a0c39a8f480c9aa1696034fcb",
                "sha256:28b28e3462500dccf75ac5efb2b885494d050fb6444fee37b53f9f950bccca57",
                "sha256:3aadcd93f1ad9a92dbfbfdeacb7ffca115f137aa2b07d36495fd141f2a553479",
                "sha256:45f90a872bc2e3d3257e06508ea18b3e2d429cf1b20de1a8f5c57251cc39fae4",
                "sha256:4c3004573ecfbdf46785682a294923661903eb18e4c188106998ef5be255df1f",
                "sha256:4e9de88b1376f904158698c3335f184cbcdc68eda018eb8f751e27e7407dddd1",
                "sha256:64292b593367e5b37556900b132861d94c05f616d8569c5625b02be6d51e13f7",
                "sha256:67c6ff682e413db759f49a206bafa5ebb8b01dfdefa5199df32741b58772c3d7",
                "sha256:70117cd51b158f7628cf2dab24805df40173c3794ca3dfeec22defb326ec0173",
                "sha256:904f0b4a358b3260d7572956026bf6a0fa0cda31d5a6afeed3e55341a3f36c8d",
                "sha256:aca7419cae1390a8f2d6776571d1d19db66dadbff2ded79e4ff4bad5d9df6633",
                "sha256:ca9a5f4b04f2b423892ef5934fdd685edd0bc458c77fc7e164156a50e6be0377",
                "sha256:cef7e844f5fd73cb602b8ba3f048a68dc2c59b7abb55ca99cceee9f688e909a4",
                "sha256:ed5c7d2fd8dc08ebcb9f8ed09883e3a083a5e0bc35f863ac280f61cec9560b09",
                "sha256:edfaeea04982166a02c87b85ed5451b77485c86db7a4b216a42e6b686e1b5f1a",
                "sha256:f93bec89d943ca1877c38920e934ed1d6193cdc6ff09cb910c19c15643ee07df",
                "sha256:ffe74fc421fc77b649f4b762e115fd2b9cea9ba86b4590f7939bd15f92f11f80"
            ],
            "index": "pypi",
            "version": "==4.2.0.34"
        },
        "peewee": {
            "hashes": [
                "sha256:1269a9736865512bd4056298003aab190957afe07d2616cf22eaf56cb6398369"
            ],
            "index": "pypi",
            "version": "==3.13.3"
        },
        "pytelegrambotapi": {
            "hashes": [
                "sha256:8ef8e54098efd29a6bcac28d127480ae2b7491c1d33e4e0c7bbf0fc8949e0fae"
            ],
            "index": "pypi",
            "version": "==3.7.1"
        },
        "requests": {
            "hashes": [
                "sha256:27973dd4a904a4f13b263a19c866c13b92a39ed1c964655f025f3f8d3d75b804",
                "sha256:c210084e36a42ae6b9219e00e48287def368a26d03a048ddad7bfee44f75871e"
            ],
            "version": "==2.25.1"
        },
        "six": {
            "hashes": [
                "sha256:1e61c37477a1626458e36f7b1d82aa5c9b094fa4802892072e49de9c60c4c926",
                "sha256:8abb2f1d86890a2dfb989f9a77cfcfd3e47c2a354b01111771326f8aa26e0254"
            ],
            "version": "==1.16.0"
        },
        "urllib3": {
            "hashes": [
                "sha256:753a0374df26658f99d826cfe40394a686d05985786d946fbe4165b5148f5a7c",
                "sha256:a7acd0977125325f516bda9735fa7142b909a8d01e8b2e4c8108d0984e6e0098"
            ],
            "index": "pypi",
            "version": "==1.26.5"
        }
    },
    "develop": {}
}
