{
    "_meta": {
        "hash": {
            "sha256": "8a764bb5ec57702fbe81edcc7f6b1cd0127ff0a31828a167fd7051770ea68acd"
        },
        "pipfile-spec": 6,
        "requires": {
            "python_version": "3.7"
        },
        "sources": [
            {
                "name": "pypi",
                "url": "https://pypi.org/simple",
                "verify_ssl": true
            }
        ]
    },
    "default": {
        "certifi": {
            "hashes": [
                "sha256:5930595817496dd21bb8dc35dad090f1c2cd0adfaf21204bf6732ca5d8ee34d3",
                "sha256:8fc0819f1f30ba15bdb34cceffb9ef04d99f420f68eb75d901e9560b8749fc41"
            ],
            "version": "==2020.6.20"
        },
        "chardet": {
            "hashes": [
                "sha256:84ab92ed1c4d4f16916e05906b6b75a6c0fb5db821cc65e70cbd64a3e2a5eaae",
                "sha256:fc323ffcaeaed0e0a02bf4d117757b98aed530d9ed4531e3e15460124c106691"
            ],
            "version": "==3.0.4"
        },
        "idna": {
            "hashes": [
                "sha256:b307872f855b18632ce0c21c5e45be78c0ea7ae4c15c828c20788b26921eb3f6",
                "sha256:b97d804b1e9b523befed77c48dacec60e6dcb0b5391d57af6a65a312a90648c0"
            ],
            "markers": "python_version >= '2.7' and python_version not in '3.0, 3.1, 3.2, 3.3'",
            "version": "==2.10"
        },
        "numpy": {
            "hashes": [
                "sha256:082f8d4dd69b6b688f64f509b91d482362124986d98dc7dc5f5e9f9b9c3bb983",
                "sha256:1bc0145999e8cb8aed9d4e65dd8b139adf1919e521177f198529687dbf613065",
                "sha256:309cbcfaa103fc9a33ec16d2d62569d541b79f828c382556ff072442226d1968",
                "sha256:3673c8b2b29077f1b7b3a848794f8e11f401ba0b71c49fbd26fb40b71788b132",
                "sha256:480fdd4dbda4dd6b638d3863da3be82873bba6d32d1fc12ea1b8486ac7b8d129",
                "sha256:56ef7f56470c24bb67fb43dae442e946a6ce172f97c69f8d067ff8550cf782ff",
                "sha256:5a936fd51049541d86ccdeef2833cc89a18e4d3808fe58a8abeb802665c5af93",
                "sha256:5b6885c12784a27e957294b60f97e8b5b4174c7504665333c5e94fbf41ae5d6a",
                "sha256:667c07063940e934287993366ad5f56766bc009017b4a0fe91dbd07960d0aba7",
                "sha256:7ed448ff4eaffeb01094959b19cbaf998ecdee9ef9932381420d514e446601cd",
                "sha256:8343bf67c72e09cfabfab55ad4a43ce3f6bf6e6ced7acf70f45ded9ebb425055",
                "sha256:92feb989b47f83ebef246adabc7ff3b9a59ac30601c3f6819f8913458610bdcc",
                "sha256:935c27ae2760c21cd7354402546f6be21d3d0c806fffe967f745d5f2de5005a7",
                "sha256:aaf42a04b472d12515debc621c31cf16c215e332242e7a9f56403d814c744624",
                "sha256:b12e639378c741add21fbffd16ba5ad25c0a1a17cf2b6fe4288feeb65144f35b",
                "sha256:b1cca51512299841bf69add3b75361779962f9cee7d9ee3bb446d5982e925b69",
                "sha256:b8456987b637232602ceb4d663cb34106f7eb780e247d51a260b84760fd8f491",
                "sha256:b9792b0ac0130b277536ab8944e7b754c69560dac0415dd4b2dbd16b902c8954",
                "sha256:c9591886fc9cbe5532d5df85cb8e0cc3b44ba8ce4367bd4cf1b93dc19713da72",
                "sha256:cf1347450c0b7644ea142712619533553f02ef23f92f781312f6a3553d031fc7",
                "sha256:de8b4a9b56255797cbddb93281ed92acbc510fb7b15df3f01bd28f46ebc4edae",
                "sha256:e1b1dc0372f530f26a03578ac75d5e51b3868b9b76cd2facba4c9ee0eb252ab1",
                "sha256:e45f8e981a0ab47103181773cc0a54e650b2aef8c7b6cd07405d0fa8d869444a",
                "sha256:e4f6d3c53911a9d103d8ec9518190e52a8b945bab021745af4939cfc7c0d4a9e",
                "sha256:ed8a311493cf5480a2ebc597d1e177231984c818a86875126cfd004241a73c3e",
                "sha256:ef71a1d4fd4858596ae80ad1ec76404ad29701f8ca7cdcebc50300178db14dfc"
            ],
            "markers": "python_version >= '3.6'",
            "version": "==1.19.1"
        },
        "opencv-python-headless": {
            "hashes": [
                "sha256:06a96ec4866aa40c68c255042ea0ab8a96c07f2eb54f5b0dc6b8ac08b00c1b7e",
                "sha256:1641d82b94ce496e6f3df8f2a337eae94cd608e0e61dbb4b697577438d88c258",
                "sha256:1df0adfc1b893615ab8487cd207aae356936b0ba1823520e2292c928853c2930",
                "sha256:20c450943acebd9aa04566fdef4a658b94eec80a0c39a8f480c9aa1696034fcb",
                "sha256:28b28e3462500dccf75ac5efb2b885494d050fb6444fee37b53f9f950bccca57",
                "sha256:3aadcd93f1ad9a92dbfbfdeacb7ffca115f137aa2b07d36495fd141f2a553479",
                "sha256:45f90a872bc2e3d3257e06508ea18b3e2d429cf1b20de1a8f5c57251cc39fae4",
                "sha256:4c3004573ecfbdf46785682a294923661903eb18e4c188106998ef5be255df1f",
                "sha256:4e9de88b1376f904158698c3335f184cbcdc68eda018eb8f751e27e7407dddd1",
                "sha256:64292b593367e5b37556900b132861d94c05f616d8569c5625b02be6d51e13f7",
                "sha256:67c6ff682e413db759f49a206bafa5ebb8b01dfdefa5199df32741b58772c3d7",
                "sha256:70117cd51b158f7628cf2dab24805df40173c3794ca3dfeec22defb326ec0173",
                "sha256:904f0b4a358b3260d7572956026bf6a0fa0cda31d5a6afeed3e55341a3f36c8d",
                "sha256:aca7419cae1390a8f2d6776571d1d19db66dadbff2ded79e4ff4bad5d9df6633",
                "sha256:ca9a5f4b04f2b423892ef5934fdd685edd0bc458c77fc7e164156a50e6be0377",
                "sha256:cef7e844f5fd73cb602b8ba3f048a68dc2c59b7abb55ca99cceee9f688e909a4",
                "sha256:ed5c7d2fd8dc08ebcb9f8ed09883e3a083a5e0bc35f863ac280f61cec9560b09",
                "sha256:edfaeea04982166a02c87b85ed5451b77485c86db7a4b216a42e6b686e1b5f1a",
                "sha256:f93bec89d943ca1877c38920e934ed1d6193cdc6ff09cb910c19c15643ee07df",
                "sha256:ffe74fc421fc77b649f4b762e115fd2b9cea9ba86b4590f7939bd15f92f11f80"
            ],
            "index": "pypi",
            "version": "==4.2.0.34"
        },
        "peewee": {
            "hashes": [
                "sha256:1269a9736865512bd4056298003aab190957afe07d2616cf22eaf56cb6398369"
            ],
            "index": "pypi",
            "version": "==3.13.3"
        },
        "pytelegrambotapi": {
            "hashes": [
                "sha256:8ef8e54098efd29a6bcac28d127480ae2b7491c1d33e4e0c7bbf0fc8949e0fae"
            ],
            "index": "pypi",
            "version": "==3.7.1"
        },
        "requests": {
            "hashes": [
                "sha256:b3559a131db72c33ee969480840fff4bb6dd111de7dd27c8ee1f820f4f00231b",
                "sha256:fe75cc94a9443b9246fc7049224f75604b113c36acb93f87b80ed42c44cbb898"
            ],
            "markers": "python_version >= '2.7' and python_version not in '3.0, 3.1, 3.2, 3.3, 3.4'",
            "version": "==2.24.0"
        },
        "six": {
            "hashes": [
                "sha256:30639c035cdb23534cd4aa2dd52c3bf48f06e5f4a941509c8bafd8ce11080259",
                "sha256:8b74bedcbbbaca38ff6d7491d76f2b06b3592611af620f8426e82dddb04a5ced"
            ],
            "markers": "python_version >= '2.7' and python_version not in '3.0, 3.1, 3.2, 3.3'",
            "version": "==1.15.0"
        },
        "urllib3": {
            "hashes": [
                "sha256:91056c15fa70756691db97756772bb1eb9678fa585d9184f24534b100dc60f4a",
                "sha256:e7983572181f5e1522d9c98453462384ee92a0be7fac5f1413a1e35c56cc0461"
            ],
            "markers": "python_version >= '2.7' and python_version not in '3.0, 3.1, 3.2, 3.3, 3.4' and python_version < '4'",
            "version": "==1.25.10"
        }
    },
    "develop": {}
}
